
Microsoft Visual Studio Solution File, Format Version 12.00
# Visual Studio 15
VisualStudioVersion = 15.0.27130.2003
MinimumVisualStudioVersion = 10.0.40219.1
Project("{2150E333-8FDC-42A3-9474-1A3956D46DE8}") = "Client", "Client", "{FD005A93-6402-42D1-8C5A-E1638DED4932}"
EndProject
Project("{9A19103F-16F7-4668-BE54-9A1E7A4F7556}") = "RCS.Domain", "DSA.Domain\RCS.Domain.csproj", "{878B0CFC-4D02-4EC9-9674-AF359C176EF3}"
EndProject
Project("{9A19103F-16F7-4668-BE54-9A1E7A4F7556}") = "RCS.DAL", "DSA.DAL\RCS.DAL.csproj", "{ED936830-DBCE-49E5-A6FE-B58C1AE1E488}"
EndProject
Project("{9A19103F-16F7-4668-BE54-9A1E7A4F7556}") = "RCS.BLL", "DSA.BLL\RCS.BLL.csproj", "{458D21CC-F11A-4BA4-8A85-F288860E1AE8}"
EndProject
Project("{9A19103F-16F7-4668-BE54-9A1E7A4F7556}") = "RCS.WebApi", "DSA.WebApi\RCS.WebApi.csproj", "{A10EF9F4-4F73-4A8E-8D48-03C4DCB73A8E}"
EndProject
Project("{9A19103F-16F7-4668-BE54-9A1E7A4F7556}") = "RCS.SPA", "DSA.SPA\RCS.SPA.csproj", "{665DE9D2-C887-4B8D-BE15-73AE28E37F46}"
EndProject
Project("{2150E333-8FDC-42A3-9474-1A3956D46DE8}") = "IoT", "IoT", "{A06EB0AD-90B6-4126-92DF-CA549AD0B9EA}"
EndProject
Project("{9A19103F-16F7-4668-BE54-9A1E7A4F7556}") = "RCS.IoT", "SAT.IoT\RCS.IoT.csproj", "{780B6F3D-D5BD-4839-A753-95D196CF2077}"
EndProject
Project("{2150E333-8FDC-42A3-9474-1A3956D46DE8}") = "Core", "Core", "{74C4E9EC-7508-4F16-B5A0-8CB5A09C70D7}"
EndProject
Project("{2150E333-8FDC-42A3-9474-1A3956D46DE8}") = "Server", "Server", "{BD79118E-7D6A-49AE-B754-47A9067FD13E}"
EndProject
Global
	GlobalSection(SolutionConfigurationPlatforms) = preSolution
		Debug|Any CPU = Debug|Any CPU
		Release|Any CPU = Release|Any CPU
	EndGlobalSection
	GlobalSection(ProjectConfigurationPlatforms) = postSolution
		{878B0CFC-4D02-4EC9-9674-AF359C176EF3}.Debug|Any CPU.ActiveCfg = Debug|Any CPU
		{878B0CFC-4D02-4EC9-9674-AF359C176EF3}.Debug|Any CPU.Build.0 = Debug|Any CPU
		{878B0CFC-4D02-4EC9-9674-AF359C176EF3}.Release|Any CPU.ActiveCfg = Release|Any CPU
		{878B0CFC-4D02-4EC9-9674-AF359C176EF3}.Release|Any CPU.Build.0 = Release|Any CPU
		{ED936830-DBCE-49E5-A6FE-B58C1AE1E488}.Debug|Any CPU.ActiveCfg = Debug|Any CPU
		{ED936830-DBCE-49E5-A6FE-B58C1AE1E488}.Debug|Any CPU.Build.0 = Debug|Any CPU
		{ED936830-DBCE-49E5-A6FE-B58C1AE1E488}.Release|Any CPU.ActiveCfg = Release|Any CPU
		{ED936830-DBCE-49E5-A6FE-B58C1AE1E488}.Release|Any CPU.Build.0 = Release|Any CPU
		{458D21CC-F11A-4BA4-8A85-F288860E1AE8}.Debug|Any CPU.ActiveCfg = Debug|Any CPU
		{458D21CC-F11A-4BA4-8A85-F288860E1AE8}.Debug|Any CPU.Build.0 = Debug|Any CPU
		{458D21CC-F11A-4BA4-8A85-F288860E1AE8}.Release|Any CPU.ActiveCfg = Release|Any CPU
		{458D21CC-F11A-4BA4-8A85-F288860E1AE8}.Release|Any CPU.Build.0 = Release|Any CPU
		{A10EF9F4-4F73-4A8E-8D48-03C4DCB73A8E}.Debug|Any CPU.ActiveCfg = Debug|Any CPU
		{A10EF9F4-4F73-4A8E-8D48-03C4DCB73A8E}.Debug|Any CPU.Build.0 = Debug|Any CPU
		{A10EF9F4-4F73-4A8E-8D48-03C4DCB73A8E}.Release|Any CPU.ActiveCfg = Release|Any CPU
		{A10EF9F4-4F73-4A8E-8D48-03C4DCB73A8E}.Release|Any CPU.Build.0 = Release|Any CPU
		{665DE9D2-C887-4B8D-BE15-73AE28E37F46}.Debug|Any CPU.ActiveCfg = Debug|Any CPU
		{665DE9D2-C887-4B8D-BE15-73AE28E37F46}.Debug|Any CPU.Build.0 = Debug|Any CPU
		{665DE9D2-C887-4B8D-BE15-73AE28E37F46}.Release|Any CPU.ActiveCfg = Release|Any CPU
		{665DE9D2-C887-4B8D-BE15-73AE28E37F46}.Release|Any CPU.Build.0 = Release|Any CPU
		{780B6F3D-D5BD-4839-A753-95D196CF2077}.Debug|Any CPU.ActiveCfg = Debug|Any CPU
		{780B6F3D-D5BD-4839-A753-95D196CF2077}.Debug|Any CPU.Build.0 = Debug|Any CPU
		{780B6F3D-D5BD-4839-A753-95D196CF2077}.Release|Any CPU.ActiveCfg = Release|Any CPU
		{780B6F3D-D5BD-4839-A753-95D196CF2077}.Release|Any CPU.Build.0 = Release|Any CPU
	EndGlobalSection
	GlobalSection(SolutionProperties) = preSolution
		HideSolutionNode = FALSE
	EndGlobalSection
	GlobalSection(NestedProjects) = preSolution
		{878B0CFC-4D02-4EC9-9674-AF359C176EF3} = {74C4E9EC-7508-4F16-B5A0-8CB5A09C70D7}
		{ED936830-DBCE-49E5-A6FE-B58C1AE1E488} = {74C4E9EC-7508-4F16-B5A0-8CB5A09C70D7}
		{458D21CC-F11A-4BA4-8A85-F288860E1AE8} = {74C4E9EC-7508-4F16-B5A0-8CB5A09C70D7}
		{A10EF9F4-4F73-4A8E-8D48-03C4DCB73A8E} = {BD79118E-7D6A-49AE-B754-47A9067FD13E}
		{665DE9D2-C887-4B8D-BE15-73AE28E37F46} = {FD005A93-6402-42D1-8C5A-E1638DED4932}
		{780B6F3D-D5BD-4839-A753-95D196CF2077} = {A06EB0AD-90B6-4126-92DF-CA549AD0B9EA}
	EndGlobalSection
	GlobalSection(ExtensibilityGlobals) = postSolution
		SolutionGuid = {712CEE17-BA55-4765-9C7E-997A0592FFCB}
	EndGlobalSection
EndGlobal
